Microsoft Visual Studio Solution File, Format Version 12.00
# Visual Studio Version 17
VisualStudioVersion = 17.5.2.0
MinimumVisualStudioVersion = 10.0.40219.1
Project("{FAE04EC0-301F-11D3-BF4B-00C04F79EFBC}") = "AppLoadTest", "AppLoadTest.csproj", "{6C94041A-8FD4-6634-F60A-7665D4ABF4B1}"
EndProject
Global
	GlobalSection(SolutionConfigurationPlatforms) = preSolution
		Debug|Any CPU = Debug|Any CPU
		Release|Any CPU = Release|Any CPU
	EndGlobalSection
	GlobalSection(ProjectConfigurationPlatforms) = postSolution
		{6C94041A-8FD4-6634-F60A-7665D4ABF4B1}.Debug|Any CPU.ActiveCfg = Debug|Any CPU
		{6C94041A-8FD4-6634-F60A-7665D4ABF4B1}.Debug|Any CPU.Build.0 = Debug|Any CPU
		{6C94041A-8FD4-6634-F60A-7665D4ABF4B1}.Release|Any CPU.ActiveCfg = Release|Any CPU
		{6C94041A-8FD4-6634-F60A-7665D4ABF4B1}.Release|Any CPU.Build.0 = Release|Any CPU
	EndGlobalSection
	GlobalSection(SolutionProperties) = preSolution
		HideSolutionNode = FALSE
	EndGlobalSection
	GlobalSection(ExtensibilityGlobals) = postSolution
		SolutionGuid = {0809D860-9DAD-48C6-A0EF-26B5F14F4D92}
	EndGlobalSection
EndGlobal
